// !$*UTF8*$!
{
	archiveVersion = 1;
	classes = {
	};
	objectVersion = 46;
	objects = {

/* Begin PBXBuildFile section */
		5F4F444C1FECCD1900F0905E /* AppDelegate.swift in Sources */ = {isa = PBXBuildFile; fileRef = 5F4F444B1FECCD1900F0905E /* AppDelegate.swift */; };
		5F4F444E1FECCD1900F0905E /* ViewController.swift in Sources */ = {isa = PBXBuildFile; fileRef = 5F4F444D1FECCD1900F0905E /* ViewController.swift */; };
		5F4F44511FECCD1900F0905E /* Main.storyboard in Resources */ = {isa = PBXBuildFile; fileRef = 5F4F444F1FECCD1900F0905E /* Main.storyboard */; };
		5F4F44531FECCD1900F0905E /* Assets.xcassets in Resources */ = {isa = PBXBuildFile; fileRef = 5F4F44521FECCD1900F0905E /* Assets.xcassets */; };
		5F4F44561FECCD1900F0905E /* LaunchScreen.storyboard in Resources */ = {isa = PBXBuildFile; fileRef = 5F4F44541FECCD1900F0905E /* LaunchScreen.storyboard */; };
		5F4F445E1FECD53000F0905E /* Details.swift in Sources */ = {isa = PBXBuildFile; fileRef = 5F4F445D1FECD53000F0905E /* Details.swift */; };
		5F4F44611FECE22F00F0905E /* ImageTableViewCell.swift in Sources */ = {isa = PBXBuildFile; fileRef = 5F4F445F1FECE22F00F0905E /* ImageTableViewCell.swift */; };
		5F4F44621FECE22F00F0905E /* ImageTableViewCell.xib in Resources */ = {isa = PBXBuildFile; fileRef = 5F4F44601FECE22F00F0905E /* ImageTableViewCell.xib */; };
/* End PBXBuildFile section */

/* Begin PBXFileReference section */
		5F4F44481FECCD1900F0905E /* ImageDownlodSample.app */ = {isa = PBXFileReference; explicitFileType = wrapper.application; includeInIndex = 0; path = ImageDownlodSample.app; sourceTree = BUILT_PRODUCTS_DIR; };
		5F4F444B1FECCD1900F0905E /* AppDelegate.swift */ = {isa = PBXFileReference; lastKnownFileType = sourcecode.swift; path = AppDelegate.swift; sourceTree = "<group>"; };
		5F4F444D1FECCD1900F0905E /* ViewController.swift */ = {isa = PBXFileReference; lastKnownFileType = sourcecode.swift; path = ViewController.swift; sourceTree = "<group>"; };
		5F4F44501FECCD1900F0905E /* Base */ = {isa = PBXFileReference; lastKnownFileType = file.storyboard; name = Base; path = Base.lproj/Main.storyboard; sourceTree = "<group>"; };
		5F4F44521FECCD1900F0905E /* Assets.xcassets */ = {isa = PBXFileReference; lastKnownFileType = folder.assetcatalog; path = Assets.xcassets; sourceTree = "<group>"; };
		5F4F44551FECCD1900F0905E /* Base */ = {isa = PBXFileReference; lastKnownFileType = file.storyboard; name = Base; path = Base.lproj/LaunchScreen.storyboard; sourceTree = "<group>"; };
		5F4F44571FECCD1900F0905E /* Info.plist */ = {isa = PBXFileReference; lastKnownFileType = text.plist.xml; path = Info.plist; sourceTree = "<group>"; };
		5F4F445D1FECD53000F0905E /* Details.swift */ = {isa = PBXFileReference; fileEncoding = 4; lastKnownFileType = sourcecode.swift; name = Details.swift; path = ../Details.swift; sourceTree = "<group>"; };
		5F4F445F1FECE22F00F0905E /* ImageTableViewCell.swift */ = {isa = PBXFileReference; fileEncoding = 4; lastKnownFileType = sourcecode.swift; path = ImageTableViewCell.swift; sourceTree = "<group>"; };
		5F4F44601FECE22F00F0905E /* ImageTableViewCell.xib */ = {isa = PBXFileReference; fileEncoding = 4; lastKnownFileType = file.xib; path = ImageTableViewCell.xib; sourceTree = "<group>"; };
/* End PBXFileReference section */

/* Begin PBXFrameworksBuildPhase section */
		5F4F44451FECCD1900F0905E /* Frameworks */ = {
			isa = PBXFrameworksBuildPhase;
			buildActionMask = 2147483647;
			files = (
			);
			runOnlyForDeploymentPostprocessing = 0;
		};
/* End PBXFrameworksBuildPhase section */

/* Begin PBXGroup section */
		5F4F443F1FECCD1900F0905E = {
			isa = PBXGroup;
			children = (
				5F4F444A1FECCD1900F0905E /* ImageDownlodSample */,
				5F4F44491FECCD1900F0905E /* Products */,
			);
			sourceTree = "<group>";
		};
		5F4F44491FECCD1900F0905E /* Products */ = {
			isa = PBXGroup;
			children = (
				5F4F44481FECCD1900F0905E /* ImageDownlodSample.app */,
			);
			name = Products;
			sourceTree = "<group>";
		};
		5F4F444A1FECCD1900F0905E /* ImageDownlodSample */ = {
			isa = PBXGroup;
			children = (
				5F4F444B1FECCD1900F0905E /* AppDelegate.swift */,
				5F4F445D1FECD53000F0905E /* Details.swift */,
				5F4F444D1FECCD1900F0905E /* ViewController.swift */,
				5F4F444F1FECCD1900F0905E /* Main.storyboard */,
				5F4F445F1FECE22F00F0905E /* ImageTableViewCell.swift */,
				5F4F44601FECE22F00F0905E /* ImageTableViewCell.xib */,
				5F4F44521FECCD1900F0905E /* Assets.xcassets */,
				5F4F44541FECCD1900F0905E /* LaunchScreen.storyboard */,
				5F4F44571FECCD1900F0905E /* Info.plist */,
			);
			path = ImageDownlodSample;
			sourceTree = "<group>";
		};
/* End PBXGroup section */

/* Begin PBXNativeTarget section */
		5F4F44471FECCD1900F0905E /* ImageDownlodSample */ = {
			isa = PBXNativeTarget;
			buildConfigurationList = 5F4F445A1FECCD1900F0905E /* Build configuration list for PBXNativeTarget "ImageDownlodSample" */;
			buildPhases = (
				5F4F44441FECCD1900F0905E /* Sources */,
				5F4F44451FECCD1900F0905E /* Frameworks */,
				5F4F44461FECCD1900F0905E /* Resources */,
			);
			buildRules = (
			);
			dependencies = (
			);
			name = ImageDownlodSample;
			productName = ImageDownlodSample;
			productReference = 5F4F44481FECCD1900F0905E /* ImageDownlodSample.app */;
			productType = "com.apple.product-type.application";
		};
/* End PBXNativeTarget section */

/* Begin PBXProject section */
		5F4F44401FECCD1900F0905E /* Project object */ = {
			isa = PBXProject;
			attributes = {
				LastSwiftUpdateCheck = 0800;
				LastUpgradeCheck = 0800;
				ORGANIZATIONNAME = Macadmin;
				TargetAttributes = {
					5F4F44471FECCD1900F0905E = {
						CreatedOnToolsVersion = 8.0;
						ProvisioningStyle = Automatic;
					};
				};
			};
			buildConfigurationList = 5F4F44431FECCD1900F0905E /* Build configuration list for PBXProject "ImageDownlodSample" */;
			compatibilityVersion = "Xcode 3.2";
			developmentRegion = English;
			hasScannedForEncodings = 0;
			knownRegions = (
				en,
				Base,
			);
			mainGroup = 5F4F443F1FECCD1900F0905E;
			productRefGroup = 5F4F44491FECCD1900F0905E /* Products */;
			projectDirPath = "";
			projectRoot = "";
			targets = (
				5F4F44471FECCD1900F0905E /* ImageDownlodSample */,
			);
		};
/* End PBXProject section */

/* Begin PBXResourcesBuildPhase section */
		5F4F44461FECCD1900F0905E /* Resources */ = {
			isa = PBXResourcesBuildPhase;
			buildActionMask = 2147483647;
			files = (
				5F4F44561FECCD1900F0905E /* LaunchScreen.storyboard in Resources */,
				5F4F44621FECE22F00F0905E /* ImageTableViewCell.xib in Resources */,
				5F4F44531FECCD1900F0905E /* Assets.xcassets in Resources */,
				5F4F44511FECCD1900F0905E /* Main.storyboard in Resources */,
			);
			runOnlyForDeploymentPostprocessing = 0;
		};
/* End PBXResourcesBuildPhase section */

/* Begin PBXSourcesBuildPhase section */
		5F4F44441FECCD1900F0905E /* Sources */ = {
			isa = PBXSourcesBuildPhase;
			buildActionMask = 2147483647;
			files = (
				5F4F444E1FECCD1900F0905E /* ViewController.swift in Sources */,
				5F4F44611FECE22F00F0905E /* ImageTableViewCell.swift in Sources */,
				5F4F444C1FECCD1900F0905E /* AppDelegate.swift in Sources */,
				5F4F445E1FECD53000F0905E /* Details.swift in Sources */,
			);
			runOnlyForDeploymentPostprocessing = 0;
		};
/* End PBXSourcesBuildPhase section */

/* Begin PBXVariantGroup section */
		5F4F444F1FECCD1900F0905E /* Main.storyboard */ = {
			isa = PBXVariantGroup;
			children = (
				5F4F44501FECCD1900F0905E /* Base */,
			);
			name = Main.storyboard;
			sourceTree = "<group>";
		};
		5F4F44541FECCD1900F0905E /* LaunchScreen.storyboard */ = {
			isa = PBXVariantGroup;
			children = (
				5F4F44551FECCD1900F0905E /* Base */,
			);
			name = LaunchScreen.storyboard;
			sourceTree = "<group>";
		};
/* End PBXVariantGroup section */

/* Begin XCBuildConfiguration section */
		5F4F44581FECCD1900F0905E /* Debug */ = {
			isa = XCBuildConfiguration;
			buildSettings = {
				ALWAYS_SEARCH_USER_PATHS = NO;
				CLANG_ANALYZER_NONNULL = YES;
				CLANG_CXX_LANGUAGE_STANDARD = "gnu++0x";
				CLANG_CXX_LIBRARY = "libc++";
				CLANG_ENABLE_MODULES = YES;
				CLANG_ENABLE_OBJC_ARC = YES;
				CLANG_WARN_BOOL_CONVERSION = YES;
				CLANG_WARN_CONSTANT_CONVERSION = YES;
				CLANG_WARN_DIRECT_OBJC_ISA_USAGE = YES_ERROR;
				CLANG_WARN_DOCUMENTATION_COMMENTS = YES;
				CLANG_WARN_EMPTY_BODY = YES;
				CLANG_WARN_ENUM_CONVERSION = YES;
				CLANG_WARN_INFINITE_RECURSION = YES;
				CLANG_WARN_INT_CONVERSION = YES;
				CLANG_WARN_OBJC_ROOT_CLASS = YES_ERROR;
				CLANG_WARN_SUSPICIOUS_MOVES = YES;
				CLANG_WARN_UNREACHABLE_CODE = YES;
				CLANG_WARN__DUPLICATE_METHOD_MATCH = YES;
				"CODE_SIGN_IDENTITY[sdk=iphoneos*]" = "iPhone Developer";
				COPY_PHASE_STRIP = NO;
				DEBUG_INFORMATION_FORMAT = dwarf;
				ENABLE_STRICT_OBJC_MSGSEND = YES;
				ENABLE_TESTABILITY = YES;
				GCC_C_LANGUAGE_STANDARD = gnu99;
				GCC_DYNAMIC_NO_PIC = NO;
				GCC_NO_COMMON_BLOCKS = YES;
				GCC_OPTIMIZATION_LEVEL = 0;
				GCC_PREPROCESSOR_DEFINITIONS = (
					"DEBUG=1",
					"$(inherited)",
				);
				GCC_WARN_64_TO_32_BIT_CONVERSION = YES;
				GCC_WARN_ABOUT_RETURN_TYPE = YES_ERROR;
				GCC_WARN_UNDECLARED_SELECTOR = YES;
				GCC_WARN_UNINITIALIZED_AUTOS = YES_AGGRESSIVE;
				GCC_WARN_UNUSED_FUNCTION = YES;
				GCC_WARN_UNUSED_VARIABLE = YES;
				IPHONEOS_DEPLOYMENT_TARGET = 10.0;
				MTL_ENABLE_DEBUG_INFO = YES;
				ONLY_ACTIVE_ARCH = YES;
				SDKROOT = iphoneos;
				SWIFT_ACTIVE_COMPILATION_CONDITIONS = DEBUG;
				SWIFT_OPTIMIZATION_LEVEL = "-Onone";
				TARGETED_DEVICE_FAMILY = "1,2";
			};
			name = Debug;
		};
		5F4F44591FECCD1900F0905E /* Release */ = {
			isa = XCBuildConfiguration;
			buildSettings = {
				ALWAYS_SEARCH_USER_PATHS = NO;
				CLANG_ANALYZER_NONNULL = YES;
				CLANG_CXX_LANGUAGE_STANDARD = "gnu++0x";
				CLANG_CXX_LIBRARY = "libc++";
				CLANG_ENABLE_MODULES = YES;
				CLANG_ENABLE_OBJC_ARC = YES;
				CLANG_WARN_BOOL_CONVERSION = YES;
				CLANG_WARN_CONSTANT_CONVERSION = YES;
				CLANG_WARN_DIRECT_OBJC_ISA_USAGE = YES_ERROR;
				CLANG_WARN_DOCUMENTATION_COMMENTS = YES;
				CLANG_WARN_EMPTY_BODY = YES;
				CLANG_WARN_ENUM_CONVERSION = YES;
				CLANG_WARN_INFINITE_RECURSION = YES;
				CLANG_WARN_INT_CONVERSION = YES;
				CLANG_WARN_OBJC_ROOT_CLASS = YES_ERROR;
				CLANG_WARN_SUSPICIOUS_MOVES = YES;
				CLANG_WARN_UNREACHABLE_CODE = YES;
				CLANG_WARN__DUPLICATE_METHOD_MATCH = YES;
				"CODE_SIGN_IDENTITY[sdk=iphoneos*]" = "iPhone Developer";
				COPY_PHASE_STRIP = NO;
				DEBUG_INFORMATION_FORMAT = "dwarf-with-dsym";
				ENABLE_NS_ASSERTIONS = NO;
				ENABLE_STRICT_OBJC_MSGSEND = YES;
				GCC_C_LANGUAGE_STANDARD = gnu99;
				GCC_NO_COMMON_BLOCKS = YES;
				GCC_WARN_64_TO_32_BIT_CONVERSION = YES;
				GCC_WARN_ABOUT_RETURN_TYPE = YES_ERROR;
				GCC_WARN_UNDECLARED_SELECTOR = YES;
				GCC_WARN_UNINITIALIZED_AUTOS = YES_AGGRESSIVE;
				GCC_WARN_UNUSED_FUNCTION = YES;
				GCC_WARN_UNUSED_VARIABLE = YES;
				IPHONEOS_DEPLOYMENT_TARGET = 10.0;
				MTL_ENABLE_DEBUG_INFO = NO;
				SDKROOT = iphoneos;
				SWIFT_OPTIMIZATION_LEVEL = "-Owholemodule";
				TARGETED_DEVICE_FAMILY = "1,2";
				VALIDATE_PRODUCT = YES;
			};
			name = Release;
		};
		5F4F445B1FECCD1900F0905E /* Debug */ = {
			isa = XCBuildConfiguration;
			buildSettings = {
				ASSETCATALOG_COMPILER_APPICON_NAME = AppIcon;
				INFOPLIST_FILE = ImageDownlodSample/Info.plist;
				IPHONEOS_DEPLOYMENT_TARGET = 9.0;
				LD_RUNPATH_SEARCH_PATHS = "$(inherited) @executable_path/Frameworks";
				PRODUCT_BUNDLE_IDENTIFIER = com.excelacom.centruryapp.ImageDownlodSample;
				PRODUCT_NAME = "$(TARGET_NAME)";
				SWIFT_VERSION = 3.0;
			};
			name = Debug;
		};
		5F4F445C1FECCD1900F0905E /* Release */ = {
			isa = XCBuildConfiguration;
			buildSettings = {
				ASSETCATALOG_COMPILER_APPICON_NAME = AppIcon;
				INFOPLIST_FILE = ImageDownlodSample/Info.plist;
				IPHONEOS_DEPLOYMENT_TARGET = 9.0;
				LD_RUNPATH_SEARCH_PATHS = "$(inherited) @executable_path/Frameworks";
				PRODUCT_BUNDLE_IDENTIFIER = com.excelacom.centruryapp.ImageDownlodSample;
				PRODUCT_NAME = "$(TARGET_NAME)";
				SWIFT_VERSION = 3.0;
			};
			name = Release;
		};
/* End XCBuildConfiguration section */

/* Begin XCConfigurationList section */
		5F4F44431FECCD1900F0905E /* Build configuration list for PBXProject "ImageDownlodSample" */ = {
			isa = XCConfigurationList;
			buildConfigurations = (
				5F4F44581FECCD1900F0905E /* Debug */,
				5F4F44591FECCD1900F0905E /* Release */,
			);
			defaultConfigurationIsVisible = 0;
			defaultConfigurationName = Release;
		};
		5F4F445A1FECCD1900F0905E /* Build configuration list for PBXNativeTarget "ImageDownlodSample" */ = {
			isa = XCConfigurationList;
			buildConfigurations = (
				5F4F445B1FECCD1900F0905E /* Debug */,
				5F4F445C1FECCD1900F0905E /* Release */,
			);
			defaultConfigurationIsVisible = 0;
		};
/* End XCConfigurationList section */
	};
	rootObject = 5F4F44401FECCD1900F0905E /* Project object */;
}
